
Microsoft Visual Studio Solution File, Format Version 12.00
# Visual Studio Version 17
VisualStudioVersion = 17.2.32616.157
MinimumVisualStudioVersion = 10.0.40219.1
Project("{FAE04EC0-301F-11D3-BF4B-00C04F79EFBC}") = "cms-net", "cms-net.csproj", "{E03F4066-65D3-4EBF-B979-A3442B1AC6D4}"
EndProject
Global
	GlobalSection(SolutionConfigurationPlatforms) = preSolution
		Debug|Any CPU = Debug|Any CPU
		Release|Any CPU = Release|Any CPU
	EndGlobalSection
	GlobalSection(ProjectConfigurationPlatforms) = postSolution
		{E03F4066-65D3-4EBF-B979-A3442B1AC6D4}.Debug|Any CPU.ActiveCfg = Debug|Any CPU
		{E03F4066-65D3-4EBF-B979-A3442B1AC6D4}.Debug|Any CPU.Build.0 = Debug|Any CPU
		{E03F4066-65D3-4EBF-B979-A3442B1AC6D4}.Release|Any CPU.ActiveCfg = Release|Any CPU
		{E03F4066-65D3-4EBF-B979-A3442B1AC6D4}.Release|Any CPU.Build.0 = Release|Any CPU
	EndGlobalSection
	GlobalSection(SolutionProperties) = preSolution
		HideSolutionNode = FALSE
	EndGlobalSection
	GlobalSection(ExtensibilityGlobals) = postSolution
		SolutionGuid = {14A6520F-543A-4D15-BD79-0FC2DDADF965}
	EndGlobalSection
EndGlobal
